# This file is automatically @generated by Poetry 1.8.2 and should not be changed by hand.

[[package]]
name = "interfaces"
version = "0.1.0"
description = "Interfaces for Cypherock SDK"
optional = false
python-versions = ">=3.11"
files = []
develop = true

[package.source]
type = "directory"
url = "../interfaces"

[[package]]
name = "pyserial"
version = "3.5"
description = "Python Serial Port Extension"
optional = false
python-versions = "*"
files = [
    {file = "pyserial-3.5-py2.py3-none-any.whl", hash = "sha256:c4451db6ba391ca6ca299fb3ec7bae67a5c55dde170964c7a14ceefec02f2cf0"},
    {file = "pyserial-3.5.tar.gz", hash = "sha256:3c77e014170dfffbd816e6ffc205e9842efb10be9f58ec16d3e8675b4925cddb"},
]

[package.extras]
cp2110 = ["hidapi"]

[[package]]
name = "pyusb"
version = "1.3.1"
description = "Easy USB access for Python"
optional = false
python-versions = ">=3.9.0"
files = [
    {file = "pyusb-1.3.1-py3-none-any.whl", hash = "sha256:bf9b754557af4717fe80c2b07cc2b923a9151f5c08d17bdb5345dac09d6a0430"},
    {file = "pyusb-1.3.1.tar.gz", hash = "sha256:3af070b607467c1c164f49d5b0caabe8ac78dbed9298d703a8dbf9df4052d17e"},
]

[[package]]
name = "util"
version = "0.1.0"
description = "Utility functions for Cypherock SDK"
optional = false
python-versions = ">=3.11"
files = []
develop = true

[package.dependencies]
pyserial = "^3.5"

[package.source]
type = "directory"
url = "../util"

[metadata]
lock-version = "2.0"
python-versions = ">=3.11"
content-hash = "dbb216f3e8891f978bfdc82222a3b1e7df2a3c4844d6579e6dfe47d4a97a7730"
