# This file is automatically @generated by Poetry 1.8.2 and should not be changed by hand.

[[package]]
name = "hid"
version = "1.0.8"
description = "ctypes bindings for hidapi"
optional = false
python-versions = "*"
files = [
    {file = "hid-1.0.8-py3-none-any.whl", hash = "sha256:9b6fac92098322ae5d8d839c2bb30620b7533284bcf5f3e6aedcc0483c388046"},
    {file = "hid-1.0.8.tar.gz", hash = "sha256:5ca129a7b9434ace5e3e429c1092a16792feffaf067a46b666e9c586872cdcfe"},
]

[[package]]
name = "interfaces"
version = "0.1.0"
description = "Interfaces for Cypherock SDK"
optional = false
python-versions = ">=3.11"
files = []
develop = true

[package.source]
type = "directory"
url = "../interfaces"

[[package]]
name = "pyserial"
version = "3.5"
description = "Python Serial Port Extension"
optional = false
python-versions = "*"
files = [
    {file = "pyserial-3.5-py2.py3-none-any.whl", hash = "sha256:c4451db6ba391ca6ca299fb3ec7bae67a5c55dde170964c7a14ceefec02f2cf0"},
    {file = "pyserial-3.5.tar.gz", hash = "sha256:3c77e014170dfffbd816e6ffc205e9842efb10be9f58ec16d3e8675b4925cddb"},
]

[package.extras]
cp2110 = ["hidapi"]

[[package]]
name = "util"
version = "0.1.0"
description = "Utility functions for Cypherock SDK"
optional = false
python-versions = ">=3.11"
files = []
develop = true

[package.dependencies]
pyserial = "^3.5"

[package.source]
type = "directory"
url = "../util"

[metadata]
lock-version = "2.0"
python-versions = ">=3.11"
content-hash = "5976eab2f057bc01ee04297c6effce4520de6947da0cec6ba2ae683b404eba1d"
