# This file is automatically @generated by Poetry 1.8.2 and should not be changed by hand.

[[package]]
name = "anyio"
version = "4.10.0"
description = "High-level concurrency and networking framework on top of asyncio or Trio"
optional = false
python-versions = ">=3.9"
files = [
    {file = "anyio-4.10.0-py3-none-any.whl", hash = "sha256:60e474ac86736bbfd6f210f7a61218939c318f43f9972497381f1c5e930ed3d1"},
    {file = "anyio-4.10.0.tar.gz", hash = "sha256:3f3fae35c96039744587aa5b8371e7e8e603c0702999535961dd336026973ba6"},
]

[package.dependencies]
idna = ">=2.8"
sniffio = ">=1.1"
typing_extensions = {version = ">=4.5", markers = "python_version < \"3.13\""}

[package.extras]
trio = ["trio (>=0.26.1)"]

[[package]]
name = "betterproto"
version = "1.2.5"
description = "A better Protobuf / gRPC generator & library"
optional = false
python-versions = ">=3.6"
files = [
    {file = "betterproto-1.2.5.tar.gz", hash = "sha256:74a3ab34646054f674d236d1229ba8182dc2eae86feb249b8590ef496ce9803d"},
]

[package.dependencies]
grpclib = "*"
stringcase = "*"

[package.extras]
compiler = ["black", "jinja2", "protobuf"]

[[package]]
name = "certifi"
version = "2025.8.3"
description = "Python package for providing Mozilla's CA Bundle."
optional = false
python-versions = ">=3.7"
files = [
    {file = "certifi-2025.8.3-py3-none-any.whl", hash = "sha256:f6c12493cfb1b06ba2ff328595af9350c65d6644968e5d3a2ffd78699af217a5"},
    {file = "certifi-2025.8.3.tar.gz", hash = "sha256:e564105f78ded564e3ae7c923924435e1daa7463faeab5bb932bc53ffae63407"},
]

[[package]]
name = "colorama"
version = "0.4.6"
description = "Cross-platform colored terminal text."
optional = false
python-versions = "!=3.0.*,!=3.1.*,!=3.2.*,!=3.3.*,!=3.4.*,!=3.5.*,!=3.6.*,>=2.7"
files = [
    {file = "colorama-0.4.6-py2.py3-none-any.whl", hash = "sha256:4f1d9991f5acc0ca119f9d443620b77f9d6b33703e51011c16baf57afb285fc6"},
    {file = "colorama-0.4.6.tar.gz", hash = "sha256:08695f5cb7ed6e0531a20572697297273c47b8cae5a63ffc6d6ed5c201be6e44"},
]

[[package]]
name = "core"
version = "0.1.0"
description = "Core SDK functionality for Cypherock X1"
optional = false
python-versions = ">=3.11"
files = []
develop = true

[package.dependencies]
betterproto = "^1.2.5"
httpx = "^0.24.0"
interfaces = {path = "../interfaces", develop = true}
util = {path = "../util", develop = true}

[package.source]
type = "directory"
url = "../core"

[[package]]
name = "grpclib"
version = "0.4.8"
description = "Pure-Python gRPC implementation for asyncio"
optional = false
python-versions = ">=3.8"
files = [
    {file = "grpclib-0.4.8-py3-none-any.whl", hash = "sha256:a5047733a7acc1c1cee6abf3c841c7c6fab67d2844a45a853b113fa2e6cd2654"},
    {file = "grpclib-0.4.8.tar.gz", hash = "sha256:d8823763780ef94fed8b2c562f7485cf0bbee15fc7d065a640673667f7719c9a"},
]

[package.dependencies]
h2 = ">=3.1.0,<5"
multidict = "*"

[package.extras]
protobuf = ["protobuf (>=3.20.0)"]

[[package]]
name = "h11"
version = "0.14.0"
description = "A pure-Python, bring-your-own-I/O implementation of HTTP/1.1"
optional = false
python-versions = ">=3.7"
files = [
    {file = "h11-0.14.0-py3-none-any.whl", hash = "sha256:e3fe4ac4b851c468cc8363d500db52c2ead036020723024a109d37346efaa761"},
    {file = "h11-0.14.0.tar.gz", hash = "sha256:8f19fbbe99e72420ff35c00b27a34cb9937e902a8b810e2c88300c6f0a3b699d"},
]

[[package]]
name = "h2"
version = "4.2.0"
description = "Pure-Python HTTP/2 protocol implementation"
optional = false
python-versions = ">=3.9"
files = [
    {file = "h2-4.2.0-py3-none-any.whl", hash = "sha256:479a53ad425bb29af087f3458a61d30780bc818e4ebcf01f0b536ba916462ed0"},
    {file = "h2-4.2.0.tar.gz", hash = "sha256:c8a52129695e88b1a0578d8d2cc6842bbd79128ac685463b887ee278126ad01f"},
]

[package.dependencies]
hpack = ">=4.1,<5"
hyperframe = ">=6.1,<7"

[[package]]
name = "hpack"
version = "4.1.0"
description = "Pure-Python HPACK header encoding"
optional = false
python-versions = ">=3.9"
files = [
    {file = "hpack-4.1.0-py3-none-any.whl", hash = "sha256:157ac792668d995c657d93111f46b4535ed114f0c9c8d672271bbec7eae1b496"},
    {file = "hpack-4.1.0.tar.gz", hash = "sha256:ec5eca154f7056aa06f196a557655c5b009b382873ac8d1e66e79e87535f1dca"},
]

[[package]]
name = "httpcore"
version = "0.17.3"
description = "A minimal low-level HTTP client."
optional = false
python-versions = ">=3.7"
files = [
    {file = "httpcore-0.17.3-py3-none-any.whl", hash = "sha256:c2789b767ddddfa2a5782e3199b2b7f6894540b17b16ec26b2c4d8e103510b87"},
    {file = "httpcore-0.17.3.tar.gz", hash = "sha256:a6f30213335e34c1ade7be6ec7c47f19f50c56db36abef1a9dfa3815b1cb3888"},
]

[package.dependencies]
anyio = ">=3.0,<5.0"
certifi = "*"
h11 = ">=0.13,<0.15"
sniffio = "==1.*"

[package.extras]
http2 = ["h2 (>=3,<5)"]
socks = ["socksio (==1.*)"]

[[package]]
name = "httpx"
version = "0.24.1"
description = "The next generation HTTP client."
optional = false
python-versions = ">=3.7"
files = [
    {file = "httpx-0.24.1-py3-none-any.whl", hash = "sha256:06781eb9ac53cde990577af654bd990a4949de37a28bdb4a230d434f3a30b9bd"},
    {file = "httpx-0.24.1.tar.gz", hash = "sha256:5853a43053df830c20f8110c5e69fe44d035d850b2dfe795e196f00fdb774bdd"},
]

[package.dependencies]
certifi = "*"
httpcore = ">=0.15.0,<0.18.0"
idna = "*"
sniffio = "*"

[package.extras]
brotli = ["brotli", "brotlicffi"]
cli = ["click (==8.*)", "pygments (==2.*)", "rich (>=10,<14)"]
http2 = ["h2 (>=3,<5)"]
socks = ["socksio (==1.*)"]

[[package]]
name = "hyperframe"
version = "6.1.0"
description = "Pure-Python HTTP/2 framing"
optional = false
python-versions = ">=3.9"
files = [
    {file = "hyperframe-6.1.0-py3-none-any.whl", hash = "sha256:b03380493a519fce58ea5af42e4a42317bf9bd425596f7a0835ffce80f1a42e5"},
    {file = "hyperframe-6.1.0.tar.gz", hash = "sha256:f630908a00854a7adeabd6382b43923a4c4cd4b821fcb527e6ab9e15382a3b08"},
]

[[package]]
name = "idna"
version = "3.10"
description = "Internationalized Domain Names in Applications (IDNA)"
optional = false
python-versions = ">=3.6"
files = [
    {file = "idna-3.10-py3-none-any.whl", hash = "sha256:946d195a0d259cbba61165e88e65941f16e9b36ea6ddb97f00452bae8b1287d3"},
    {file = "idna-3.10.tar.gz", hash = "sha256:12f65c9b470abda6dc35cf8e63cc574b1c52b11df2c86030af0ac09b01b13ea9"},
]

[package.extras]
all = ["flake8 (>=7.1.1)", "mypy (>=1.11.2)", "pytest (>=8.3.2)", "ruff (>=0.6.2)"]

[[package]]
name = "iniconfig"
version = "2.1.0"
description = "brain-dead simple config-ini parsing"
optional = false
python-versions = ">=3.8"
files = [
    {file = "iniconfig-2.1.0-py3-none-any.whl", hash = "sha256:9deba5723312380e77435581c6bf4935c94cbfab9b1ed33ef8d238ea168eb760"},
    {file = "iniconfig-2.1.0.tar.gz", hash = "sha256:3abbd2e30b36733fee78f9c7f7308f2d0050e88f0087fd25c2645f63c773e1c7"},
]

[[package]]
name = "interfaces"
version = "0.1.0"
description = "Interfaces for Cypherock SDK"
optional = false
python-versions = ">=3.11"
files = []
develop = true

[package.source]
type = "directory"
url = "../interfaces"

[[package]]
name = "multidict"
version = "6.6.4"
description = "multidict implementation"
optional = false
python-versions = ">=3.9"
files = [
    {file = "multidict-6.6.4-cp310-cp310-macosx_10_9_universal2.whl", hash = "sha256:b8aa6f0bd8125ddd04a6593437bad6a7e70f300ff4180a531654aa2ab3f6d58f"},
    {file = "multidict-6.6.4-cp310-cp310-macosx_10_9_x86_64.whl", hash = "sha256:b9e5853bbd7264baca42ffc53391b490d65fe62849bf2c690fa3f6273dbcd0cb"},
    {file = "multidict-6.6.4-cp310-cp310-macosx_11_0_arm64.whl", hash = "sha256:0af5f9dee472371e36d6ae38bde009bd8ce65ac7335f55dcc240379d7bed1495"},
    {file = "multidict-6.6.4-cp310-cp310-manylinux1_i686.manylinux2014_i686.manylinux_2_17_i686.manylinux_2_5_i686.whl", hash = "sha256:d24f351e4d759f5054b641c81e8291e5d122af0fca5c72454ff77f7cbe492de8"},
    {file = "multidict-6.6.4-cp310-cp310-manylinux2014_aarch64.manylinux_2_17_aarch64.manylinux_2_28_aarch64.whl", hash = "sha256:db6a3810eec08280a172a6cd541ff4a5f6a97b161d93ec94e6c4018917deb6b7"},
    {file = "multidict-6.6.4-cp310-cp310-manylinux2014_armv7l.manylinux_2_17_armv7l.manylinux_2_31_armv7l.whl", hash = "sha256:a1b20a9d56b2d81e2ff52ecc0670d583eaabaa55f402e8d16dd062373dbbe796"},
    {file = "multidict-6.6.4-cp310-cp310-manylinux2014_ppc64le.manylinux_2_17_ppc64le.manylinux_2_28_ppc64le.whl", hash = "sha256:8c9854df0eaa610a23494c32a6f44a3a550fb398b6b51a56e8c6b9b3689578db"},
    {file = "multidict-6.6.4-cp310-cp310-manylinux2014_s390x.manylinux_2_17_s390x.manylinux_2_28_s390x.whl", hash = "sha256:4bb7627fd7a968f41905a4d6343b0d63244a0623f006e9ed989fa2b78f4438a0"},
    {file = "multidict-6.6.4-cp310-cp310-manylinux2014_x86_64.manylinux_2_17_x86_64.manylinux_2_28_x86_64.whl", hash = "sha256:caebafea30ed049c57c673d0b36238b1748683be2593965614d7b0e99125c877"},
    {file = "multidict-6.6.4-cp310-cp310-musllinux_1_2_aarch64.whl", hash = "sha256:ad887a8250eb47d3ab083d2f98db7f48098d13d42eb7a3b67d8a5c795f224ace"},
    {file = "multidict-6.6.4-cp310-cp310-musllinux_1_2_armv7l.whl", hash = "sha256:ed8358ae7d94ffb7c397cecb62cbac9578a83ecefc1eba27b9090ee910e2efb6"},
    {file = "multidict-6.6.4-cp310-cp310-musllinux_1_2_i686.whl", hash = "sha256:ecab51ad2462197a4c000b6d5701fc8585b80eecb90583635d7e327b7b6923eb"},
    {file = "multidict-6.6.4-cp310-cp310-musllinux_1_2_ppc64le.whl", hash = "sha256:c5c97aa666cf70e667dfa5af945424ba1329af5dd988a437efeb3a09430389fb"},
    {file = "multidict-6.6.4-cp310-cp310-musllinux_1_2_s390x.whl", hash = "sha256:9a950b7cf54099c1209f455ac5970b1ea81410f2af60ed9eb3c3f14f0bfcf987"},
    {file = "multidict-6.6.4-cp310-cp310-musllinux_1_2_x86_64.whl", hash = "sha256:163c7ea522ea9365a8a57832dea7618e6cbdc3cd75f8c627663587459a4e328f"},
    {file = "multidict-6.6.4-cp310-cp310-win32.whl", hash = "sha256:17d2cbbfa6ff20821396b25890f155f40c986f9cfbce5667759696d83504954f"},
    {file = "multidict-6.6.4-cp310-cp310-win_amd64.whl", hash = "sha256:ce9a40fbe52e57e7edf20113a4eaddfacac0561a0879734e636aa6d4bb5e3fb0"},
    {file = "multidict-6.6.4-cp310-cp310-win_arm64.whl", hash = "sha256:01d0959807a451fe9fdd4da3e139cb5b77f7328baf2140feeaf233e1d777b729"},
    {file = "multidict-6.6.4-cp311-cp311-macosx_10_9_universal2.whl", hash = "sha256:c7a0e9b561e6460484318a7612e725df1145d46b0ef57c6b9866441bf6e27e0c"},
    {file = "multidict-6.6.4-cp311-cp311-macosx_10_9_x86_64.whl", hash = "sha256:6bf2f10f70acc7a2446965ffbc726e5fc0b272c97a90b485857e5c70022213eb"},
    {file = "multidict-6.6.4-cp311-cp311-macosx_11_0_arm64.whl", hash = "sha256:66247d72ed62d5dd29752ffc1d3b88f135c6a8de8b5f63b7c14e973ef5bda19e"},
    {file = "multidict-6.6.4-cp311-cp311-manylinux1_i686.manylinux2014_i686.manylinux_2_17_i686.manylinux_2_5_i686.whl", hash = "sha256:105245cc6b76f51e408451a844a54e6823bbd5a490ebfe5bdfc79798511ceded"},
    {file = "multidict-6.6.4-cp311-cp311-manylinux2014_aarch64.manylinux_2_17_aarch64.manylinux_2_28_aarch64.whl", hash = "sha256:cbbc54e58b34c3bae389ef00046be0961f30fef7cb0dd9c7756aee376a4f7683"},
    {file = "multidict-6.6.4-cp311-cp311-manylinux2014_armv7l.manylinux_2_17_armv7l.manylinux_2_31_armv7l.whl", hash = "sha256:56c6b3652f945c9bc3ac6c8178cd93132b8d82dd581fcbc3a00676c51302bc1a"},
    {file = "multidict-6.6.4-cp311-cp311-manylinux2014_ppc64le.manylinux_2_17_ppc64le.manylinux_2_28_ppc64le.whl", hash = "sha256:b95494daf857602eccf4c18ca33337dd2be705bccdb6dddbfc9d513e6addb9d9"},
    {file = "multidict-6.6.4-cp311-cp311-manylinux2014_s390x.manylinux_2_17_s390x.manylinux_2_28_s390x.whl", hash = "sha256:e5b1413361cef15340ab9dc61523e653d25723e82d488ef7d60a12878227ed50"},
    {file = "multidict-6.6.4-cp311-cp311-manylinux2014_x86_64.manylinux_2_17_x86_64.manylinux_2_28_x86_64.whl", hash = "sha256:e167bf899c3d724f9662ef00b4f7fef87a19c22b2fead198a6f68b263618df52"},
    {file = "multidict-6.6.4-cp311-cp311-musllinux_1_2_aarch64.whl", hash = "sha256:aaea28ba20a9026dfa77f4b80369e51cb767c61e33a2d4043399c67bd95fb7c6"},
    {file = "multidict-6.6.4-cp311-cp311-musllinux_1_2_armv7l.whl", hash = "sha256:8c91cdb30809a96d9ecf442ec9bc45e8cfaa0f7f8bdf534e082c2443a196727e"},
    {file = "multidict-6.6.4-cp311-cp311-musllinux_1_2_i686.whl", hash = "sha256:1a0ccbfe93ca114c5d65a2471d52d8829e56d467c97b0e341cf5ee45410033b3"},
    {file = "multidict-6.6.4-cp311-cp311-musllinux_1_2_ppc64le.whl", hash = "sha256:55624b3f321d84c403cb7d8e6e982f41ae233d85f85db54ba6286f7295dc8a9c"},
    {file = "multidict-6.6.4-cp311-cp311-musllinux_1_2_s390x.whl", hash = "sha256:4a1fb393a2c9d202cb766c76208bd7945bc194eba8ac920ce98c6e458f0b524b"},
    {file = "multidict-6.6.4-cp311-cp311-musllinux_1_2_x86_64.whl", hash = "sha256:43868297a5759a845fa3a483fb4392973a95fb1de891605a3728130c52b8f40f"},
    {file = "multidict-6.6.4-cp311-cp311-win32.whl", hash = "sha256:ed3b94c5e362a8a84d69642dbeac615452e8af9b8eb825b7bc9f31a53a1051e2"},
    {file = "multidict-6.6.4-cp311-cp311-win_amd64.whl", hash = "sha256:d8c112f7a90d8ca5d20213aa41eac690bb50a76da153e3afb3886418e61cb22e"},
    {file = "multidict-6.6.4-cp311-cp311-win_arm64.whl", hash = "sha256:3bb0eae408fa1996d87247ca0d6a57b7fc1dcf83e8a5c47ab82c558c250d4adf"},
    {file = "multidict-6.6.4-cp312-cp312-macosx_10_13_universal2.whl", hash = "sha256:0ffb87be160942d56d7b87b0fdf098e81ed565add09eaa1294268c7f3caac4c8"},
    {file = "multidict-6.6.4-cp312-cp312-macosx_10_13_x86_64.whl", hash = "sha256:d191de6cbab2aff5de6c5723101705fd044b3e4c7cfd587a1929b5028b9714b3"},
    {file = "multidict-6.6.4-cp312-cp312-macosx_11_0_arm64.whl", hash = "sha256:38a0956dd92d918ad5feff3db8fcb4a5eb7dba114da917e1a88475619781b57b"},
    {file = "multidict-6.6.4-cp312-cp312-manylinux1_i686.manylinux2014_i686.manylinux_2_17_i686.manylinux_2_5_i686.whl", hash = "sha256:6865f6d3b7900ae020b495d599fcf3765653bc927951c1abb959017f81ae8287"},
    {file = "multidict-6.6.4-cp312-cp312-manylinux2014_aarch64.manylinux_2_17_aarch64.manylinux_2_28_aarch64.whl", hash = "sha256:0a2088c126b6f72db6c9212ad827d0ba088c01d951cee25e758c450da732c138"},
    {file = "multidict-6.6.4-cp312-cp312-manylinux2014_armv7l.manylinux_2_17_armv7l.manylinux_2_31_armv7l.whl", hash = "sha256:0f37bed7319b848097085d7d48116f545985db988e2256b2e6f00563a3416ee6"},
    {file = "multidict-6.6.4-cp312-cp312-manylinux2014_ppc64le.manylinux_2_17_ppc64le.manylinux_2_28_ppc64le.whl", hash = "sha256:01368e3c94032ba6ca0b78e7ccb099643466cf24f8dc8eefcfdc0571d56e58f9"},
    {file = "multidict-6.6.4-cp312-cp312-manylinux2014_s390x.manylinux_2_17_s390x.manylinux_2_28_s390x.whl", hash = "sha256:8fe323540c255db0bffee79ad7f048c909f2ab0edb87a597e1c17da6a54e493c"},
    {file = "multidict-6.6.4-cp312-cp312-manylinux2014_x86_64.manylinux_2_17_x86_64.manylinux_2_28_x86_64.whl", hash = "sha256:b8eb3025f17b0a4c3cd08cda49acf312a19ad6e8a4edd9dbd591e6506d999402"},
    {file = "multidict-6.6.4-cp312-cp312-musllinux_1_2_aarch64.whl", hash = "sha256:bbc14f0365534d35a06970d6a83478b249752e922d662dc24d489af1aa0d1be7"},
    {file = "multidict-6.6.4-cp312-cp312-musllinux_1_2_armv7l.whl", hash = "sha256:75aa52fba2d96bf972e85451b99d8e19cc37ce26fd016f6d4aa60da9ab2b005f"},
    {file = "multidict-6.6.4-cp312-cp312-musllinux_1_2_i686.whl", hash = "sha256:4fefd4a815e362d4f011919d97d7b4a1e566f1dde83dc4ad8cfb5b41de1df68d"},
    {file = "multidict-6.6.4-cp312-cp312-musllinux_1_2_ppc64le.whl", hash = "sha256:db9801fe021f59a5b375ab778973127ca0ac52429a26e2fd86aa9508f4d26eb7"},
    {file = "multidict-6.6.4-cp312-cp312-musllinux_1_2_s390x.whl", hash = "sha256:a650629970fa21ac1fb06ba25dabfc5b8a2054fcbf6ae97c758aa956b8dba802"},
    {file = "multidict-6.6.4-cp312-cp312-musllinux_1_2_x86_64.whl", hash = "sha256:452ff5da78d4720d7516a3a2abd804957532dd69296cb77319c193e3ffb87e24"},
    {file = "multidict-6.6.4-cp312-cp312-win32.whl", hash = "sha256:8c2fcb12136530ed19572bbba61b407f655e3953ba669b96a35036a11a485793"},
    {file = "multidict-6.6.4-cp312-cp312-win_amd64.whl", hash = "sha256:047d9425860a8c9544fed1b9584f0c8bcd31bcde9568b047c5e567a1025ecd6e"},
    {file = "multidict-6.6.4-cp312-cp312-win_arm64.whl", hash = "sha256:14754eb72feaa1e8ae528468f24250dd997b8e2188c3d2f593f9eba259e4b364"},
    {file = "multidict-6.6.4-cp313-cp313-macosx_10_13_universal2.whl", hash = "sha256:f46a6e8597f9bd71b31cc708195d42b634c8527fecbcf93febf1052cacc1f16e"},
    {file = "multidict-6.6.4-cp313-cp313-macosx_10_13_x86_64.whl", hash = "sha256:22e38b2bc176c5eb9c0a0e379f9d188ae4cd8b28c0f53b52bce7ab0a9e534657"},
    {file = "multidict-6.6.4-cp313-cp313-macosx_11_0_arm64.whl", hash = "sha256:5df8afd26f162da59e218ac0eefaa01b01b2e6cd606cffa46608f699539246da"},
    {file = "multidict-6.6.4-cp313-cp313-manylinux1_i686.manylinux2014_i686.manylinux_2_17_i686.manylinux_2_5_i686.whl", hash = "sha256:49517449b58d043023720aa58e62b2f74ce9b28f740a0b5d33971149553d72aa"},
    {file = "multidict-6.6.4-cp313-cp313-manylinux2014_aarch64.manylinux_2_17_aarch64.manylinux_2_28_aarch64.whl", hash = "sha256:ae9408439537c5afdca05edd128a63f56a62680f4b3c234301055d7a2000220f"},
    {file = "multidict-6.6.4-cp313-cp313-manylinux2014_armv7l.manylinux_2_17_armv7l.manylinux_2_31_armv7l.whl", hash = "sha256:87a32d20759dc52a9e850fe1061b6e41ab28e2998d44168a8a341b99ded1dba0"},
    {file = "multidict-6.6.4-cp313-cp313-manylinux2014_ppc64le.manylinux_2_17_ppc64le.manylinux_2_28_ppc64le.whl", hash = "sha256:52e3c8d43cdfff587ceedce9deb25e6ae77daba560b626e97a56ddcad3756879"},
    {file = "multidict-6.6.4-cp313-cp313-manylinux2014_s390x.manylinux_2_17_s390x.manylinux_2_28_s390x.whl", hash = "sha256:ad8850921d3a8d8ff6fbef790e773cecfc260bbfa0566998980d3fa8f520bc4a"},
    {file = "multidict-6.6.4-cp313-cp313-manylinux2014_x86_64.manylinux_2_17_x86_64.manylinux_2_28_x86_64.whl", hash = "sha256:497a2954adc25c08daff36f795077f63ad33e13f19bfff7736e72c785391534f"},
    {file = "multidict-6.6.4-cp313-cp313-musllinux_1_2_aarch64.whl", hash = "sha256:024ce601f92d780ca1617ad4be5ac15b501cc2414970ffa2bb2bbc2bd5a68fa5"},
    {file = "multidict-6.6.4-cp313-cp313-musllinux_1_2_armv7l.whl", hash = "sha256:a693fc5ed9bdd1c9e898013e0da4dcc640de7963a371c0bd458e50e046bf6438"},
    {file = "multidict-6.6.4-cp313-cp313-musllinux_1_2_i686.whl", hash = "sha256:190766dac95aab54cae5b152a56520fd99298f32a1266d66d27fdd1b5ac00f4e"},
    {file = "multidict-6.6.4-cp313-cp313-musllinux_1_2_ppc64le.whl", hash = "sha256:34d8f2a5ffdceab9dcd97c7a016deb2308531d5f0fced2bb0c9e1df45b3363d7"},
    {file = "multidict-6.6.4-cp313-cp313-musllinux_1_2_s390x.whl", hash = "sha256:59e8d40ab1f5a8597abcef00d04845155a5693b5da00d2c93dbe88f2050f2812"},
    {file = "multidict-6.6.4-cp313-cp313-musllinux_1_2_x86_64.whl", hash = "sha256:467fe64138cfac771f0e949b938c2e1ada2b5af22f39692aa9258715e9ea613a"},
    {file = "multidict-6.6.4-cp313-cp313-win32.whl", hash = "sha256:14616a30fe6d0a48d0a48d1a633ab3b8bec4cf293aac65f32ed116f620adfd69"},
    {file = "multidict-6.6.4-cp313-cp313-win_amd64.whl", hash = "sha256:40cd05eaeb39e2bc8939451f033e57feaa2ac99e07dbca8afe2be450a4a3b6cf"},
    {file = "multidict-6.6.4-cp313-cp313-win_arm64.whl", hash = "sha256:f6eb37d511bfae9e13e82cb4d1af36b91150466f24d9b2b8a9785816deb16605"},
    {file = "multidict-6.6.4-cp313-cp313t-macosx_10_13_universal2.whl", hash = "sha256:6c84378acd4f37d1b507dfa0d459b449e2321b3ba5f2338f9b085cf7a7ba95eb"},
    {file = "multidict-6.6.4-cp313-cp313t-macosx_10_13_x86_64.whl", hash = "sha256:0e0558693063c75f3d952abf645c78f3c5dfdd825a41d8c4d8156fc0b0da6e7e"},
    {file = "multidict-6.6.4-cp313-cp313t-macosx_11_0_arm64.whl", hash = "sha256:3f8e2384cb83ebd23fd07e9eada8ba64afc4c759cd94817433ab8c81ee4b403f"},
    {file = "multidict-6.6.4-cp313-cp313t-manylinux1_i686.manylinux2014_i686.manylinux_2_17_i686.manylinux_2_5_i686.whl", hash = "sha256:f996b87b420995a9174b2a7c1a8daf7db4750be6848b03eb5e639674f7963773"},
    {file = "multidict-6.6.4-cp313-cp313t-manylinux2014_aarch64.manylinux_2_17_aarch64.manylinux_2_28_aarch64.whl", hash = "sha256:cc356250cffd6e78416cf5b40dc6a74f1edf3be8e834cf8862d9ed5265cf9b0e"},
    {file = "multidict-6.6.4-cp313-cp313t-manylinux2014_armv7l.manylinux_2_17_armv7l.manylinux_2_31_armv7l.whl", hash = "sha256:dadf95aa862714ea468a49ad1e09fe00fcc9ec67d122f6596a8d40caf6cec7d0"},
    {file = "multidict-6.6.4-cp313-cp313t-manylinux2014_ppc64le.manylinux_2_17_ppc64le.manylinux_2_28_ppc64le.whl", hash = "sha256:7dd57515bebffd8ebd714d101d4c434063322e4fe24042e90ced41f18b6d3395"},
    {file = "multidict-6.6.4-cp313-cp313t-manylinux2014_s390x.manylinux_2_17_s390x.manylinux_2_28_s390x.whl", hash = "sha256:967af5f238ebc2eb1da4e77af5492219fbd9b4b812347da39a7b5f5c72c0fa45"},
    {file = "multidict-6.6.4-cp313-cp313t-manylinux2014_x86_64.manylinux_2_17_x86_64.manylinux_2_28_x86_64.whl", hash = "sha256:2a4c6875c37aae9794308ec43e3530e4aa0d36579ce38d89979bbf89582002bb"},
    {file = "multidict-6.6.4-cp313-cp313t-musllinux_1_2_aarch64.whl", hash = "sha256:7f683a551e92bdb7fac545b9c6f9fa2aebdeefa61d607510b3533286fcab67f5"},
    {file = "multidict-6.6.4-cp313-cp313t-musllinux_1_2_armv7l.whl", hash = "sha256:3ba5aaf600edaf2a868a391779f7a85d93bed147854925f34edd24cc70a3e141"},
    {file = "multidict-6.6.4-cp313-cp313t-musllinux_1_2_i686.whl", hash = "sha256:580b643b7fd2c295d83cad90d78419081f53fd532d1f1eb67ceb7060f61cff0d"},
    {file = "multidict-6.6.4-cp313-cp313t-musllinux_1_2_ppc64le.whl", hash = "sha256:37b7187197da6af3ee0b044dbc9625afd0c885f2800815b228a0e70f9a7f473d"},
    {file = "multidict-6.6.4-cp313-cp313t-musllinux_1_2_s390x.whl", hash = "sha256:e1b93790ed0bc26feb72e2f08299691ceb6da5e9e14a0d13cc74f1869af327a0"},
    {file = "multidict-6.6.4-cp313-cp313t-musllinux_1_2_x86_64.whl", hash = "sha256:a506a77ddee1efcca81ecbeae27ade3e09cdf21a8ae854d766c2bb4f14053f92"},
    {file = "multidict-6.6.4-cp313-cp313t-win32.whl", hash = "sha256:f93b2b2279883d1d0a9e1bd01f312d6fc315c5e4c1f09e112e4736e2f650bc4e"},
    {file = "multidict-6.6.4-cp313-cp313t-win_amd64.whl", hash = "sha256:6d46a180acdf6e87cc41dc15d8f5c2986e1e8739dc25dbb7dac826731ef381a4"},
    {file = "multidict-6.6.4-cp313-cp313t-win_arm64.whl", hash = "sha256:756989334015e3335d087a27331659820d53ba432befdef6a718398b0a8493ad"},
    {file = "multidict-6.6.4-cp39-cp39-macosx_10_9_universal2.whl", hash = "sha256:af7618b591bae552b40dbb6f93f5518328a949dac626ee75927bba1ecdeea9f4"},
    {file = "multidict-6.6.4-cp39-cp39-macosx_10_9_x86_64.whl", hash = "sha256:b6819f83aef06f560cb15482d619d0e623ce9bf155115150a85ab11b8342a665"},
    {file = "multidict-6.6.4-cp39-cp39-macosx_11_0_arm64.whl", hash = "sha256:4d09384e75788861e046330308e7af54dd306aaf20eb760eb1d0de26b2bea2cb"},
    {file = "multidict-6.6.4-cp39-cp39-manylinux1_i686.manylinux2014_i686.manylinux_2_17_i686.manylinux_2_5_i686.whl", hash = "sha256:a59c63061f1a07b861c004e53869eb1211ffd1a4acbca330e3322efa6dd02978"},
    {file = "multidict-6.6.4-cp39-cp39-manylinux2014_aarch64.manylinux_2_17_aarch64.manylinux_2_28_aarch64.whl", hash = "sha256:350f6b0fe1ced61e778037fdc7613f4051c8baf64b1ee19371b42a3acdb016a0"},
    {file = "multidict-6.6.4-cp39-cp39-manylinux2014_armv7l.manylinux_2_17_armv7l.manylinux_2_31_armv7l.whl", hash = "sha256:0c5cbac6b55ad69cb6aa17ee9343dfbba903118fd530348c330211dc7aa756d1"},
    {file = "multidict-6.6.4-cp39-cp39-manylinux2014_ppc64le.manylinux_2_17_ppc64le.manylinux_2_28_ppc64le.whl", hash = "sha256:630f70c32b8066ddfd920350bc236225814ad94dfa493fe1910ee17fe4365cbb"},
    {file = "multidict-6.6.4-cp39-cp39-manylinux2014_s390x.manylinux_2_17_s390x.manylinux_2_28_s390x.whl", hash = "sha256:f8d4916a81697faec6cb724a273bd5457e4c6c43d82b29f9dc02c5542fd21fc9"},
    {file = "multidict-6.6.4-cp39-cp39-manylinux2014_x86_64.manylinux_2_17_x86_64.manylinux_2_28_x86_64.whl", hash = "sha256:8e42332cf8276bb7645d310cdecca93a16920256a5b01bebf747365f86a1675b"},
    {file = "multidict-6.6.4-cp39-cp39-musllinux_1_2_aarch64.whl", hash = "sha256:f3be27440f7644ab9a13a6fc86f09cdd90b347c3c5e30c6d6d860de822d7cb53"},
    {file = "multidict-6.6.4-cp39-cp39-musllinux_1_2_armv7l.whl", hash = "sha256:21f216669109e02ef3e2415ede07f4f8987f00de8cdfa0cc0b3440d42534f9f0"},
    {file = "multidict-6.6.4-cp39-cp39-musllinux_1_2_i686.whl", hash = "sha256:d9890d68c45d1aeac5178ded1d1cccf3bc8d7accf1f976f79bf63099fb16e4bd"},
    {file = "multidict-6.6.4-cp39-cp39-musllinux_1_2_ppc64le.whl", hash = "sha256:edfdcae97cdc5d1a89477c436b61f472c4d40971774ac4729c613b4b133163cb"},
    {file = "multidict-6.6.4-cp39-cp39-musllinux_1_2_s390x.whl", hash = "sha256:0b2e886624be5773e69cf32bcb8534aecdeb38943520b240fed3d5596a430f2f"},
    {file = "multidict-6.6.4-cp39-cp39-musllinux_1_2_x86_64.whl", hash = "sha256:be5bf4b3224948032a845d12ab0f69f208293742df96dc14c4ff9b09e508fc17"},
    {file = "multidict-6.6.4-cp39-cp39-win32.whl", hash = "sha256:10a68a9191f284fe9d501fef4efe93226e74df92ce7a24e301371293bd4918ae"},
    {file = "multidict-6.6.4-cp39-cp39-win_amd64.whl", hash = "sha256:ee25f82f53262f9ac93bd7e58e47ea1bdcc3393cef815847e397cba17e284210"},
    {file = "multidict-6.6.4-cp39-cp39-win_arm64.whl", hash = "sha256:f9867e55590e0855bcec60d4f9a092b69476db64573c9fe17e92b0c50614c16a"},
    {file = "multidict-6.6.4-py3-none-any.whl", hash = "sha256:27d8f8e125c07cb954e54d75d04905a9bba8a439c1d84aca94949d4d03d8601c"},
    {file = "multidict-6.6.4.tar.gz", hash = "sha256:d2d4e4787672911b48350df02ed3fa3fffdc2f2e8ca06dd6afdf34189b76a9dd"},
]

[[package]]
name = "packaging"
version = "25.0"
description = "Core utilities for Python packages"
optional = false
python-versions = ">=3.8"
files = [
    {file = "packaging-25.0-py3-none-any.whl", hash = "sha256:29572ef2b1f17581046b3a2227d5c611fb25ec70ca1ba8554b24b0e69331a484"},
    {file = "packaging-25.0.tar.gz", hash = "sha256:d443872c98d677bf60f6a1f2f8c1cb748e8fe762d2bf9d3148b5599295b0fc4f"},
]

[[package]]
name = "pluggy"
version = "1.6.0"
description = "plugin and hook calling mechanisms for python"
optional = false
python-versions = ">=3.9"
files = [
    {file = "pluggy-1.6.0-py3-none-any.whl", hash = "sha256:e920276dd6813095e9377c0bc5566d94c932c33b27a3e3945d8389c374dd4746"},
    {file = "pluggy-1.6.0.tar.gz", hash = "sha256:7dcc130b76258d33b90f61b658791dede3486c3e6bfb003ee5c9bfb396dd22f3"},
]

[package.extras]
dev = ["pre-commit", "tox"]
testing = ["coverage", "pytest", "pytest-benchmark"]

[[package]]
name = "pygments"
version = "2.19.2"
description = "Pygments is a syntax highlighting package written in Python."
optional = false
python-versions = ">=3.8"
files = [
    {file = "pygments-2.19.2-py3-none-any.whl", hash = "sha256:86540386c03d588bb81d44bc3928634ff26449851e99741617ecb9037ee5ec0b"},
    {file = "pygments-2.19.2.tar.gz", hash = "sha256:636cb2477cec7f8952536970bc533bc43743542f70392ae026374600add5b887"},
]

[package.extras]
windows-terminal = ["colorama (>=0.4.6)"]

[[package]]
name = "pyserial"
version = "3.5"
description = "Python Serial Port Extension"
optional = false
python-versions = "*"
files = [
    {file = "pyserial-3.5-py2.py3-none-any.whl", hash = "sha256:c4451db6ba391ca6ca299fb3ec7bae67a5c55dde170964c7a14ceefec02f2cf0"},
    {file = "pyserial-3.5.tar.gz", hash = "sha256:3c77e014170dfffbd816e6ffc205e9842efb10be9f58ec16d3e8675b4925cddb"},
]

[package.extras]
cp2110 = ["hidapi"]

[[package]]
name = "pytest"
version = "8.4.1"
description = "pytest: simple powerful testing with Python"
optional = false
python-versions = ">=3.9"
files = [
    {file = "pytest-8.4.1-py3-none-any.whl", hash = "sha256:539c70ba6fcead8e78eebbf1115e8b589e7565830d7d006a8723f19ac8a0afb7"},
    {file = "pytest-8.4.1.tar.gz", hash = "sha256:7c67fd69174877359ed9371ec3af8a3d2b04741818c51e5e99cc1742251fa93c"},
]

[package.dependencies]
colorama = {version = ">=0.4", markers = "sys_platform == \"win32\""}
iniconfig = ">=1"
packaging = ">=20"
pluggy = ">=1.5,<2"
pygments = ">=2.7.2"

[package.extras]
dev = ["argcomplete", "attrs (>=19.2)", "hypothesis (>=3.56)", "mock", "requests", "setuptools", "xmlschema"]

[[package]]
name = "pytest-asyncio"
version = "1.1.0"
description = "Pytest support for asyncio"
optional = false
python-versions = ">=3.9"
files = [
    {file = "pytest_asyncio-1.1.0-py3-none-any.whl", hash = "sha256:5fe2d69607b0bd75c656d1211f969cadba035030156745ee09e7d71740e58ecf"},
    {file = "pytest_asyncio-1.1.0.tar.gz", hash = "sha256:796aa822981e01b68c12e4827b8697108f7205020f24b5793b3c41555dab68ea"},
]

[package.dependencies]
pytest = ">=8.2,<9"

[package.extras]
docs = ["sphinx (>=5.3)", "sphinx-rtd-theme (>=1)"]
testing = ["coverage (>=6.2)", "hypothesis (>=5.7.1)"]

[[package]]
name = "sniffio"
version = "1.3.1"
description = "Sniff out which async library your code is running under"
optional = false
python-versions = ">=3.7"
files = [
    {file = "sniffio-1.3.1-py3-none-any.whl", hash = "sha256:2f6da418d1f1e0fddd844478f41680e794e6051915791a034ff65e5f100525a2"},
    {file = "sniffio-1.3.1.tar.gz", hash = "sha256:f4324edc670a0f49750a81b895f35c3adb843cca46f0530f79fc1babb23789dc"},
]

[[package]]
name = "stringcase"
version = "1.2.0"
description = "String case converter."
optional = false
python-versions = "*"
files = [
    {file = "stringcase-1.2.0.tar.gz", hash = "sha256:48a06980661908efe8d9d34eab2b6c13aefa2163b3ced26972902e3bdfd87008"},
]

[[package]]
name = "typing-extensions"
version = "4.14.1"
description = "Backported and Experimental Type Hints for Python 3.9+"
optional = false
python-versions = ">=3.9"
files = [
    {file = "typing_extensions-4.14.1-py3-none-any.whl", hash = "sha256:d1e1e3b58374dc93031d6eda2420a48ea44a36c2b4766a4fdeb3710755731d76"},
    {file = "typing_extensions-4.14.1.tar.gz", hash = "sha256:38b39f4aeeab64884ce9f74c94263ef78f3c22467c8724005483154c26648d36"},
]

[[package]]
name = "util"
version = "0.1.0"
description = "Utility functions for Cypherock SDK"
optional = false
python-versions = ">=3.11"
files = []
develop = true

[package.dependencies]
pyserial = "^3.5"

[package.source]
type = "directory"
url = "../util"

[metadata]
lock-version = "2.0"
python-versions = ">=3.11"
content-hash = "383afc314d2944cd1f646b1de226ce4400e910f3c17e32bb41e5582c9da65f9d"
